// !$*UTF8*$!
{
	archiveVersion = 1;
	classes = {
	};
	objectVersion = 46;
	objects = {

/* Begin PBXBuildFile section */
		945AD9491807E16600B09F43 /* Foundation.framework in Frameworks */ = {isa = PBXBuildFile; fileRef = 945AD9481807E16600B09F43 /* Foundation.framework */; };
		945AD94B1807E16600B09F43 /* CoreGraphics.framework in Frameworks */ = {isa = PBXBuildFile; fileRef = 945AD94A1807E16600B09F43 /* CoreGraphics.framework */; };
		945AD94D1807E16600B09F43 /* UIKit.framework in Frameworks */ = {isa = PBXBuildFile; fileRef = 945AD94C1807E16600B09F43 /* UIKit.framework */; };
		945AD9531807E16700B09F43 /* InfoPlist.strings in Resources */ = {isa = PBXBuildFile; fileRef = 945AD9511807E16700B09F43 /* InfoPlist.strings */; };
		945AD9551807E16700B09F43 /* main.m in Sources */ = {isa = PBXBuildFile; fileRef = 945AD9541807E16700B09F43 /* main.m */; };
		945AD9591807E16700B09F43 /* AppDelegate.m in Sources */ = {isa = PBXBuildFile; fileRef = 945AD9581807E16700B09F43 /* AppDelegate.m */; };
		945AD9621807E16700B09F43 /* XCTest.framework in Frameworks */ = {isa = PBXBuildFile; fileRef = 945AD9611807E16700B09F43 /* XCTest.framework */; };
		945AD9631807E16700B09F43 /* Foundation.framework in Frameworks */ = {isa = PBXBuildFile; fileRef = 945AD9481807E16600B09F43 /* Foundation.framework */; };
		945AD9641807E16700B09F43 /* UIKit.framework in Frameworks */ = {isa = PBXBuildFile; fileRef = 945AD94C1807E16600B09F43 /* UIKit.framework */; };
		945AD96C1807E16700B09F43 /* InfoPlist.strings in Resources */ = {isa = PBXBuildFile; fileRef = 945AD96A1807E16700B09F43 /* InfoPlist.strings */; };
		945AD96E1807E16700B09F43 /* marathonTests.m in Sources */ = {isa = PBXBuildFile; fileRef = 945AD96D1807E16700B09F43 /* marathonTests.m */; };
		945AD97B1807E19400B09F43 /* LoginViewController.m in Sources */ = {isa = PBXBuildFile; fileRef = 945AD97A1807E19400B09F43 /* LoginViewController.m */; };
		945AD97E1807E1A200B09F43 /* RootViewController.m in Sources */ = {isa = PBXBuildFile; fileRef = 945AD97D1807E1A200B09F43 /* RootViewController.m */; };
		945AD9AC1807E4DD00B09F43 /* PersistenceHelper.m in Sources */ = {isa = PBXBuildFile; fileRef = 945AD9A91807E4DD00B09F43 /* PersistenceHelper.m */; };
		945AD9B31807E70100B09F43 /* Images.xcassets in Resources */ = {isa = PBXBuildFile; fileRef = 945AD9B21807E70100B09F43 /* Images.xcassets */; };
		945ADBBC1807E99700B09F43 /* HJCircularBuffer.m in Sources */ = {isa = PBXBuildFile; fileRef = 945AD9FC1807E99600B09F43 /* HJCircularBuffer.m */; settings = {COMPILER_FLAGS = "-fno-objc-arc"; }; };
		945ADBBD1807E99700B09F43 /* HJManagedCropImageV.m in Sources */ = {isa = PBXBuildFile; fileRef = 945AD9FE1807E99600B09F43 /* HJManagedCropImageV.m */; settings = {COMPILER_FLAGS = "-fno-objc-arc"; }; };
		945ADBBF1807E99700B09F43 /* HJManagedImageV.m in Sources */ = {isa = PBXBuildFile; fileRef = 945ADA021807E99600B09F43 /* HJManagedImageV.m */; settings = {COMPILER_FLAGS = "-fno-objc-arc"; }; };
		945ADBC11807E99700B09F43 /* HJMOBigFileCache.m in Sources */ = {isa = PBXBuildFile; fileRef = 945ADA071807E99600B09F43 /* HJMOBigFileCache.m */; settings = {COMPILER_FLAGS = "-fno-objc-arc"; }; };
		945ADBC21807E99700B09F43 /* HJMOFileCache.m in Sources */ = {isa = PBXBuildFile; fileRef = 945ADA091807E99600B09F43 /* HJMOFileCache.m */; settings = {COMPILER_FLAGS = "-fno-objc-arc"; }; };
		945ADBC31807E99700B09F43 /* HJMOHandler.m in Sources */ = {isa = PBXBuildFile; fileRef = 945ADA0B1807E99600B09F43 /* HJMOHandler.m */; settings = {COMPILER_FLAGS = "-fno-objc-arc"; }; };
		945ADBC41807E99700B09F43 /* HJMOPolicy.m in Sources */ = {isa = PBXBuildFile; fileRef = 945ADA0D1807E99600B09F43 /* HJMOPolicy.m */; settings = {COMPILER_FLAGS = "-fno-objc-arc"; }; };
		945ADBC51807E99700B09F43 /* HJMOUserBase.m in Sources */ = {isa = PBXBuildFile; fileRef = 945ADA101807E99600B09F43 /* HJMOUserBase.m */; settings = {COMPILER_FLAGS = "-fno-objc-arc"; }; };
		945ADBC61807E99700B09F43 /* HJObjManager.m in Sources */ = {isa = PBXBuildFile; fileRef = 945ADA121807E99600B09F43 /* HJObjManager.m */; settings = {COMPILER_FLAGS = "-fno-objc-arc"; }; };
		945ADBC71807E99700B09F43 /* HJWeakMutableArray.m in Sources */ = {isa = PBXBuildFile; fileRef = 945ADA141807E99600B09F43 /* HJWeakMutableArray.m */; settings = {COMPILER_FLAGS = "-fno-objc-arc"; }; };
		945ADBF41807E99700B09F43 /* NSObject+SBJson.m in Sources */ = {isa = PBXBuildFile; fileRef = 945ADA781807E99700B09F43 /* NSObject+SBJson.m */; settings = {COMPILER_FLAGS = "-fno-objc-arc"; }; };
		945ADBF51807E99700B09F43 /* SBJsonParser.m in Sources */ = {isa = PBXBuildFile; fileRef = 945ADA7B1807E99700B09F43 /* SBJsonParser.m */; settings = {COMPILER_FLAGS = "-fno-objc-arc"; }; };
		945ADBF61807E99700B09F43 /* SBJsonStreamParser.m in Sources */ = {isa = PBXBuildFile; fileRef = 945ADA7D1807E99700B09F43 /* SBJsonStreamParser.m */; settings = {COMPILER_FLAGS = "-fno-objc-arc"; }; };
		945ADBF71807E99700B09F43 /* SBJsonStreamParserAccumulator.m in Sources */ = {isa = PBXBuildFile; fileRef = 945ADA7F1807E99700B09F43 /* SBJsonStreamParserAccumulator.m */; settings = {COMPILER_FLAGS = "-fno-objc-arc"; }; };
		945ADBF81807E99700B09F43 /* SBJsonStreamParserAdapter.m in Sources */ = {isa = PBXBuildFile; fileRef = 945ADA811807E99700B09F43 /* SBJsonStreamParserAdapter.m */; settings = {COMPILER_FLAGS = "-fno-objc-arc"; }; };
		945ADBF91807E99700B09F43 /* SBJsonStreamParserState.m in Sources */ = {isa = PBXBuildFile; fileRef = 945ADA831807E99700B09F43 /* SBJsonStreamParserState.m */; settings = {COMPILER_FLAGS = "-fno-objc-arc"; }; };
		945ADBFA1807E99700B09F43 /* SBJsonStreamWriter.m in Sources */ = {isa = PBXBuildFile; fileRef = 945ADA851807E99700B09F43 /* SBJsonStreamWriter.m */; settings = {COMPILER_FLAGS = "-fno-objc-arc"; }; };
		945ADBFB1807E99700B09F43 /* SBJsonStreamWriterAccumulator.m in Sources */ = {isa = PBXBuildFile; fileRef = 945ADA871807E99700B09F43 /* SBJsonStreamWriterAccumulator.m */; settings = {COMPILER_FLAGS = "-fno-objc-arc"; }; };
		945ADBFC1807E99700B09F43 /* SBJsonStreamWriterState.m in Sources */ = {isa = PBXBuildFile; fileRef = 945ADA891807E99700B09F43 /* SBJsonStreamWriterState.m */; settings = {COMPILER_FLAGS = "-fno-objc-arc"; }; };
		945ADBFD1807E99700B09F43 /* SBJsonTokeniser.m in Sources */ = {isa = PBXBuildFile; fileRef = 945ADA8B1807E99700B09F43 /* SBJsonTokeniser.m */; settings = {COMPILER_FLAGS = "-fno-objc-arc"; }; };
		945ADBFE1807E99700B09F43 /* SBJsonUTF8Stream.m in Sources */ = {isa = PBXBuildFile; fileRef = 945ADA8D1807E99700B09F43 /* SBJsonUTF8Stream.m */; settings = {COMPILER_FLAGS = "-fno-objc-arc"; }; };
		945ADBFF1807E99700B09F43 /* SBJsonWriter.m in Sources */ = {isa = PBXBuildFile; fileRef = 945ADA8F1807E99700B09F43 /* SBJsonWriter.m */; settings = {COMPILER_FLAGS = "-fno-objc-arc"; }; };
		945ADC131807E99700B09F43 /* libWeChatSDK.a in Frameworks */ = {isa = PBXBuildFile; fileRef = 945ADAC21807E99700B09F43 /* libWeChatSDK.a */; };
		945ADC141807E99700B09F43 /* libWeChatSDK_armv7_armv7s.a in Frameworks */ = {isa = PBXBuildFile; fileRef = 945ADAC31807E99700B09F43 /* libWeChatSDK_armv7_armv7s.a */; };
		945ADC6E1807EC3800B09F43 /* Utility.m in Sources */ = {isa = PBXBuildFile; fileRef = 945ADC6D1807EC3800B09F43 /* Utility.m */; settings = {COMPILER_FLAGS = "-fno-objc-arc"; }; };
		945ADC971807F19800B09F43 /* AFHTTPRequestOperation.m in Sources */ = {isa = PBXBuildFile; fileRef = 945ADC751807F19800B09F43 /* AFHTTPRequestOperation.m */; };
		945ADC981807F19800B09F43 /* AFHTTPRequestOperationManager.m in Sources */ = {isa = PBXBuildFile; fileRef = 945ADC771807F19800B09F43 /* AFHTTPRequestOperationManager.m */; };
		945ADC991807F19800B09F43 /* AFHTTPSessionManager.m in Sources */ = {isa = PBXBuildFile; fileRef = 945ADC791807F19800B09F43 /* AFHTTPSessionManager.m */; };
		945ADC9A1807F19800B09F43 /* AFNetworkReachabilityManager.m in Sources */ = {isa = PBXBuildFile; fileRef = 945ADC7C1807F19800B09F43 /* AFNetworkReachabilityManager.m */; };
		945ADC9B1807F19800B09F43 /* AFSecurityPolicy.m in Sources */ = {isa = PBXBuildFile; fileRef = 945ADC7E1807F19800B09F43 /* AFSecurityPolicy.m */; };
		945ADC9C1807F19800B09F43 /* AFURLConnectionOperation.m in Sources */ = {isa = PBXBuildFile; fileRef = 945ADC801807F19800B09F43 /* AFURLConnectionOperation.m */; };
		945ADC9D1807F19800B09F43 /* AFURLRequestSerialization.m in Sources */ = {isa = PBXBuildFile; fileRef = 945ADC821807F19800B09F43 /* AFURLRequestSerialization.m */; };
		945ADC9E1807F19800B09F43 /* AFURLResponseSerialization.m in Sources */ = {isa = PBXBuildFile; fileRef = 945ADC841807F19800B09F43 /* AFURLResponseSerialization.m */; };
		945ADC9F1807F19800B09F43 /* AFURLSessionManager.m in Sources */ = {isa = PBXBuildFile; fileRef = 945ADC861807F19800B09F43 /* AFURLSessionManager.m */; };
		945ADCA01807F19800B09F43 /* AFNetworkActivityIndicatorManager.m in Sources */ = {isa = PBXBuildFile; fileRef = 945ADC891807F19800B09F43 /* AFNetworkActivityIndicatorManager.m */; };
		945ADCA11807F19800B09F43 /* UIActivityIndicatorView+AFNetworking.m in Sources */ = {isa = PBXBuildFile; fileRef = 945ADC8B1807F19800B09F43 /* UIActivityIndicatorView+AFNetworking.m */; };
		945ADCA21807F19800B09F43 /* UIAlertView+AFNetworking.m in Sources */ = {isa = PBXBuildFile; fileRef = 945ADC8D1807F19800B09F43 /* UIAlertView+AFNetworking.m */; };
		945ADCA31807F19800B09F43 /* UIButton+AFNetworking.m in Sources */ = {isa = PBXBuildFile; fileRef = 945ADC8F1807F19800B09F43 /* UIButton+AFNetworking.m */; };
		945ADCA41807F19800B09F43 /* UIImageView+AFNetworking.m in Sources */ = {isa = PBXBuildFile; fileRef = 945ADC911807F19800B09F43 /* UIImageView+AFNetworking.m */; };
		945ADCA51807F19800B09F43 /* UIProgressView+AFNetworking.m in Sources */ = {isa = PBXBuildFile; fileRef = 945ADC941807F19800B09F43 /* UIProgressView+AFNetworking.m */; };
		945ADCA61807F19800B09F43 /* UIWebView+AFNetworking.m in Sources */ = {isa = PBXBuildFile; fileRef = 945ADC961807F19800B09F43 /* UIWebView+AFNetworking.m */; };
		945ADCAD1807F3F100B09F43 /* NSString+MD5.m in Sources */ = {isa = PBXBuildFile; fileRef = 945ADCA81807F3F100B09F43 /* NSString+MD5.m */; };
		945ADCAE1807F3F100B09F43 /* NSString+MD5Addition.m in Sources */ = {isa = PBXBuildFile; fileRef = 945ADCAA1807F3F100B09F43 /* NSString+MD5Addition.m */; };
		945ADCAF1807F3F100B09F43 /* NSString+stringValue.m in Sources */ = {isa = PBXBuildFile; fileRef = 945ADCAC1807F3F100B09F43 /* NSString+stringValue.m */; };
/* End PBXBuildFile section */

/* Begin PBXContainerItemProxy section */
		945AD9651807E16700B09F43 /* PBXContainerItemProxy */ = {
			isa = PBXContainerItemProxy;
			containerPortal = 945AD93D1807E16600B09F43 /* Project object */;
			proxyType = 1;
			remoteGlobalIDString = 945AD9441807E16600B09F43;
			remoteInfo = marathon;
		};
/* End PBXContainerItemProxy section */

/* Begin PBXFileReference section */
		945AD9451807E16600B09F43 /* marathon.app */ = {isa = PBXFileReference; explicitFileType = wrapper.application; includeInIndex = 0; path = marathon.app; sourceTree = BUILT_PRODUCTS_DIR; };
		945AD9481807E16600B09F43 /* Foundation.framework */ = {isa = PBXFileReference; lastKnownFileType = wrapper.framework; name = Foundation.framework; path = System/Library/Frameworks/Foundation.framework; sourceTree = SDKROOT; };
		945AD94A1807E16600B09F43 /* CoreGraphics.framework */ = {isa = PBXFileReference; lastKnownFileType = wrapper.framework; name = CoreGraphics.framework; path = System/Library/Frameworks/CoreGraphics.framework; sourceTree = SDKROOT; };
		945AD94C1807E16600B09F43 /* UIKit.framework */ = {isa = PBXFileReference; lastKnownFileType = wrapper.framework; name = UIKit.framework; path = System/Library/Frameworks/UIKit.framework; sourceTree = SDKROOT; };
		945AD9501807E16700B09F43 /* marathon-Info.plist */ = {isa = PBXFileReference; lastKnownFileType = text.plist.xml; path = "marathon-Info.plist"; sourceTree = "<group>"; };
		945AD9521807E16700B09F43 /* en */ = {isa = PBXFileReference; lastKnownFileType = text.plist.strings; name = en; path = en.lproj/InfoPlist.strings; sourceTree = "<group>"; };
		945AD9541807E16700B09F43 /* main.m */ = {isa = PBXFileReference; lastKnownFileType = sourcecode.c.objc; path = main.m; sourceTree = "<group>"; };
		945AD9561807E16700B09F43 /* marathon-Prefix.pch */ = {isa = PBXFileReference; lastKnownFileType = sourcecode.c.h; path = "marathon-Prefix.pch"; sourceTree = "<group>"; };
		945AD9571807E16700B09F43 /* AppDelegate.h */ = {isa = PBXFileReference; lastKnownFileType = sourcecode.c.h; path = AppDelegate.h; sourceTree = "<group>"; };
		945AD9581807E16700B09F43 /* AppDelegate.m */ = {isa = PBXFileReference; lastKnownFileType = sourcecode.c.objc; path = AppDelegate.m; sourceTree = "<group>"; };
		945AD9601807E16700B09F43 /* marathonTests.xctest */ = {isa = PBXFileReference; explicitFileType = wrapper.cfbundle; includeInIndex = 0; path = marathonTests.xctest; sourceTree = BUILT_PRODUCTS_DIR; };
		945AD9611807E16700B09F43 /* XCTest.framework */ = {isa = PBXFileReference; lastKnownFileType = wrapper.framework; name = XCTest.framework; path = Library/Frameworks/XCTest.framework; sourceTree = DEVELOPER_DIR; };
		945AD9691807E16700B09F43 /* marathonTests-Info.plist */ = {isa = PBXFileReference; lastKnownFileType = text.plist.xml; path = "marathonTests-Info.plist"; sourceTree = "<group>"; };
		945AD96B1807E16700B09F43 /* en */ = {isa = PBXFileReference; lastKnownFileType = text.plist.strings; name = en; path = en.lproj/InfoPlist.strings; sourceTree = "<group>"; };
		945AD96D1807E16700B09F43 /* marathonTests.m */ = {isa = PBXFileReference; lastKnownFileType = sourcecode.c.objc; path = marathonTests.m; sourceTree = "<group>"; };
		945AD9791807E19400B09F43 /* LoginViewController.h */ = {isa = PBXFileReference; fileEncoding = 4; lastKnownFileType = sourcecode.c.h; path = LoginViewController.h; sourceTree = "<group>"; };
		945AD97A1807E19400B09F43 /* LoginViewController.m */ = {isa = PBXFileReference; fileEncoding = 4; lastKnownFileType = sourcecode.c.objc; path = LoginViewController.m; sourceTree = "<group>"; };
		945AD97C1807E1A200B09F43 /* RootViewController.h */ = {isa = PBXFileReference; fileEncoding = 4; lastKnownFileType = sourcecode.c.h; path = RootViewController.h; sourceTree = "<group>"; };
		945AD97D1807E1A200B09F43 /* RootViewController.m */ = {isa = PBXFileReference; fileEncoding = 4; lastKnownFileType = sourcecode.c.objc; path = RootViewController.m; sourceTree = "<group>"; };
		945AD9801807E1EB00B09F43 /* Const.h */ = {isa = PBXFileReference; fileEncoding = 4; lastKnownFileType = sourcecode.c.h; path = Const.h; sourceTree = "<group>"; };
		945AD9A81807E4DD00B09F43 /* PersistenceHelper.h */ = {isa = PBXFileReference; fileEncoding = 4; lastKnownFileType = sourcecode.c.h; path = PersistenceHelper.h; sourceTree = "<group>"; };
		945AD9A91807E4DD00B09F43 /* PersistenceHelper.m */ = {isa = PBXFileReference; fileEncoding = 4; lastKnownFileType = sourcecode.c.objc; path = PersistenceHelper.m; sourceTree = "<group>"; };
		945AD9B21807E70100B09F43 /* Images.xcassets */ = {isa = PBXFileReference; lastKnownFileType = folder.assetcatalog; path = Images.xcassets; sourceTree = "<group>"; };
		945AD9FB1807E99600B09F43 /* HJCircularBuffer.h */ = {isa = PBXFileReference; fileEncoding = 4; lastKnownFileType = sourcecode.c.h; path = HJCircularBuffer.h; sourceTree = "<group>"; };
		945AD9FC1807E99600B09F43 /* HJCircularBuffer.m */ = {isa = PBXFileReference; fileEncoding = 4; lastKnownFileType = sourcecode.c.objc; path = HJCircularBuffer.m; sourceTree = "<group>"; };
		945AD9FD1807E99600B09F43 /* HJManagedCropImageV.h */ = {isa = PBXFileReference; fileEncoding = 4; lastKnownFileType = sourcecode.c.h; path = HJManagedCropImageV.h; sourceTree = "<group>"; };
		945AD9FE1807E99600B09F43 /* HJManagedCropImageV.m */ = {isa = PBXFileReference; fileEncoding = 4; lastKnownFileType = sourcecode.c.objc; path = HJManagedCropImageV.m; sourceTree = "<group>"; };
		945ADA011807E99600B09F43 /* HJManagedImageV.h */ = {isa = PBXFileReference; fileEncoding = 4; lastKnownFileType = sourcecode.c.h; path = HJManagedImageV.h; sourceTree = "<group>"; };
		945ADA021807E99600B09F43 /* HJManagedImageV.m */ = {isa = PBXFileReference; fileEncoding = 4; lastKnownFileType = sourcecode.c.objc; path = HJManagedImageV.m; sourceTree = "<group>"; };
		945ADA031807E99600B09F43 /* HJManagedImageVDelegate.h */ = {isa = PBXFileReference; fileEncoding = 4; lastKnownFileType = sourcecode.c.h; path = HJManagedImageVDelegate.h; sourceTree = "<group>"; };
		945ADA061807E99600B09F43 /* HJMOBigFileCache.h */ = {isa = PBXFileReference; fileEncoding = 4; lastKnownFileType = sourcecode.c.h; path = HJMOBigFileCache.h; sourceTree = "<group>"; };
		945ADA071807E99600B09F43 /* HJMOBigFileCache.m */ = {isa = PBXFileReference; fileEncoding = 4; lastKnownFileType = sourcecode.c.objc; path = HJMOBigFileCache.m; sourceTree = "<group>"; };
		945ADA081807E99600B09F43 /* HJMOFileCache.h */ = {isa = PBXFileReference; fileEncoding = 4; lastKnownFileType = sourcecode.c.h; path = HJMOFileCache.h; sourceTree = "<group>"; };
		945ADA091807E99600B09F43 /* HJMOFileCache.m */ = {isa = PBXFileReference; fileEncoding = 4; lastKnownFileType = sourcecode.c.objc; path = HJMOFileCache.m; sourceTree = "<group>"; };
		945ADA0A1807E99600B09F43 /* HJMOHandler.h */ = {isa = PBXFileReference; fileEncoding = 4; lastKnownFileType = sourcecode.c.h; path = HJMOHandler.h; sourceTree = "<group>"; };
		945ADA0B1807E99600B09F43 /* HJMOHandler.m */ = {isa = PBXFileReference; fileEncoding = 4; lastKnownFileType = sourcecode.c.objc; path = HJMOHandler.m; sourceTree = "<group>"; };
		945ADA0C1807E99600B09F43 /* HJMOPolicy.h */ = {isa = PBXFileReference; fileEncoding = 4; lastKnownFileType = sourcecode.c.h; path = HJMOPolicy.h; sourceTree = "<group>"; };
		945ADA0D1807E99600B09F43 /* HJMOPolicy.m */ = {isa = PBXFileReference; fileEncoding = 4; lastKnownFileType = sourcecode.c.objc; path = HJMOPolicy.m; sourceTree = "<group>"; };
		945ADA0E1807E99600B09F43 /* HJMOUser.h */ = {isa = PBXFileReference; fileEncoding = 4; lastKnownFileType = sourcecode.c.h; path = HJMOUser.h; sourceTree = "<group>"; };
		945ADA0F1807E99600B09F43 /* HJMOUserBase.h */ = {isa = PBXFileReference; fileEncoding = 4; lastKnownFileType = sourcecode.c.h; path = HJMOUserBase.h; sourceTree = "<group>"; };
		945ADA101807E99600B09F43 /* HJMOUserBase.m */ = {isa = PBXFileReference; fileEncoding = 4; lastKnownFileType = sourcecode.c.objc; path = HJMOUserBase.m; sourceTree = "<group>"; };
		945ADA111807E99600B09F43 /* HJObjManager.h */ = {isa = PBXFileReference; fileEncoding = 4; lastKnownFileType = sourcecode.c.h; path = HJObjManager.h; sourceTree = "<group>"; };
		945ADA121807E99600B09F43 /* HJObjManager.m */ = {isa = PBXFileReference; fileEncoding = 4; lastKnownFileType = sourcecode.c.objc; path = HJObjManager.m; sourceTree = "<group>"; };
		945ADA131807E99600B09F43 /* HJWeakMutableArray.h */ = {isa = PBXFileReference; fileEncoding = 4; lastKnownFileType = sourcecode.c.h; path = HJWeakMutableArray.h; sourceTree = "<group>"; };
		945ADA141807E99600B09F43 /* HJWeakMutableArray.m */ = {isa = PBXFileReference; fileEncoding = 4; lastKnownFileType = sourcecode.c.objc; path = HJWeakMutableArray.m; sourceTree = "<group>"; };
		945ADA761807E99700B09F43 /* JSON.h */ = {isa = PBXFileReference; fileEncoding = 4; lastKnownFileType = sourcecode.c.h; path = JSON.h; sourceTree = "<group>"; };
		945ADA771807E99700B09F43 /* NSObject+SBJson.h */ = {isa = PBXFileReference; fileEncoding = 4; lastKnownFileType = sourcecode.c.h; path = "NSObject+SBJson.h"; sourceTree = "<group>"; };
		945ADA781807E99700B09F43 /* NSObject+SBJson.m */ = {isa = PBXFileReference; fileEncoding = 4; lastKnownFileType = sourcecode.c.objc; path = "NSObject+SBJson.m"; sourceTree = "<group>"; };
		945ADA791807E99700B09F43 /* SBJson.h */ = {isa = PBXFileReference; fileEncoding = 4; lastKnownFileType = sourcecode.c.h; path = SBJson.h; sourceTree = "<group>"; };
		945ADA7A1807E99700B09F43 /* SBJsonParser.h */ = {isa = PBXFileReference; fileEncoding = 4; lastKnownFileType = sourcecode.c.h; path = SBJsonParser.h; sourceTree = "<group>"; };
		945ADA7B1807E99700B09F43 /* SBJsonParser.m */ = {isa = PBXFileReference; fileEncoding = 4; lastKnownFileType = sourcecode.c.objc; path = SBJsonParser.m; sourceTree = "<group>"; };
		945ADA7C1807E99700B09F43 /* SBJsonStreamParser.h */ = {isa = PBXFileReference; fileEncoding = 4; lastKnownFileType = sourcecode.c.h; path = SBJsonStreamParser.h; sourceTree = "<group>"; };
		945ADA7D1807E99700B09F43 /* SBJsonStreamParser.m */ = {isa = PBXFileReference; fileEncoding = 4; lastKnownFileType = sourcecode.c.objc; path = SBJsonStreamParser.m; sourceTree = "<group>"; };
		945ADA7E1807E99700B09F43 /* SBJsonStreamParserAccumulator.h */ = {isa = PBXFileReference; fileEncoding = 4; lastKnownFileType = sourcecode.c.h; path = SBJsonStreamParserAccumulator.h; sourceTree = "<group>"; };
		945ADA7F1807E99700B09F43 /* SBJsonStreamParserAccumulator.m */ = {isa = PBXFileReference; fileEncoding = 4; lastKnownFileType = sourcecode.c.objc; path = SBJsonStreamParserAccumulator.m; sourceTree = "<group>"; };
		945ADA801807E99700B09F43 /* SBJsonStreamParserAdapter.h */ = {isa = PBXFileReference; fileEncoding = 4; lastKnownFileType = sourcecode.c.h; path = SBJsonStreamParserAdapter.h; sourceTree = "<group>"; };
		945ADA811807E99700B09F43 /* SBJsonStreamParserAdapter.m */ = {isa = PBXFileReference; fileEncoding = 4; lastKnownFileType = sourcecode.c.objc; path = SBJsonStreamParserAdapter.m; sourceTree = "<group>"; };
		945ADA821807E99700B09F43 /* SBJsonStreamParserState.h */ = {isa = PBXFileReference; fileEncoding = 4; lastKnownFileType = sourcecode.c.h; path = SBJsonStreamParserState.h; sourceTree = "<group>"; };
		945ADA831807E99700B09F43 /* SBJsonStreamParserState.m */ = {isa = PBXFileReference; fileEncoding = 4; lastKnownFileType = sourcecode.c.objc; path = SBJsonStreamParserState.m; sourceTree = "<group>"; };
		945ADA841807E99700B09F43 /* SBJsonStreamWriter.h */ = {isa = PBXFileReference; fileEncoding = 4; lastKnownFileType = sourcecode.c.h; path = SBJsonStreamWriter.h; sourceTree = "<group>"; };
		945ADA851807E99700B09F43 /* SBJsonStreamWriter.m */ = {isa = PBXFileReference; fileEncoding = 4; lastKnownFileType = sourcecode.c.objc; path = SBJsonStreamWriter.m; sourceTree = "<group>"; };
		945ADA861807E99700B09F43 /* SBJsonStreamWriterAccumulator.h */ = {isa = PBXFileReference; fileEncoding = 4; lastKnownFileType = sourcecode.c.h; path = SBJsonStreamWriterAccumulator.h; sourceTree = "<group>"; };
		945ADA871807E99700B09F43 /* SBJsonStreamWriterAccumulator.m */ = {isa = PBXFileReference; fileEncoding = 4; lastKnownFileType = sourcecode.c.objc; path = SBJsonStreamWriterAccumulator.m; sourceTree = "<group>"; };
		945ADA881807E99700B09F43 /* SBJsonStreamWriterState.h */ = {isa = PBXFileReference; fileEncoding = 4; lastKnownFileType = sourcecode.c.h; path = SBJsonStreamWriterState.h; sourceTree = "<group>"; };
		945ADA891807E99700B09F43 /* SBJsonStreamWriterState.m */ = {isa = PBXFileReference; fileEncoding = 4; lastKnownFileType = sourcecode.c.objc; path = SBJsonStreamWriterState.m; sourceTree = "<group>"; };
		945ADA8A1807E99700B09F43 /* SBJsonTokeniser.h */ = {isa = PBXFileReference; fileEncoding = 4; lastKnownFileType = sourcecode.c.h; path = SBJsonTokeniser.h; sourceTree = "<group>"; };
		945ADA8B1807E99700B09F43 /* SBJsonTokeniser.m */ = {isa = PBXFileReference; fileEncoding = 4; lastKnownFileType = sourcecode.c.objc; path = SBJsonTokeniser.m; sourceTree = "<group>"; };
		945ADA8C1807E99700B09F43 /* SBJsonUTF8Stream.h */ = {isa = PBXFileReference; fileEncoding = 4; lastKnownFileType = sourcecode.c.h; path = SBJsonUTF8Stream.h; sourceTree = "<group>"; };
		945ADA8D1807E99700B09F43 /* SBJsonUTF8Stream.m */ = {isa = PBXFileReference; fileEncoding = 4; lastKnownFileType = sourcecode.c.objc; path = SBJsonUTF8Stream.m; sourceTree = "<group>"; };
		945ADA8E1807E99700B09F43 /* SBJsonWriter.h */ = {isa = PBXFileReference; fileEncoding = 4; lastKnownFileType = sourcecode.c.h; path = SBJsonWriter.h; sourceTree = "<group>"; };
		945ADA8F1807E99700B09F43 /* SBJsonWriter.m */ = {isa = PBXFileReference; fileEncoding = 4; lastKnownFileType = sourcecode.c.objc; path = SBJsonWriter.m; sourceTree = "<group>"; };
		945ADAC21807E99700B09F43 /* libWeChatSDK.a */ = {isa = PBXFileReference; lastKnownFileType = archive.ar; path = libWeChatSDK.a; sourceTree = "<group>"; };
		945ADAC31807E99700B09F43 /* libWeChatSDK_armv7_armv7s.a */ = {isa = PBXFileReference; lastKnownFileType = archive.ar; path = libWeChatSDK_armv7_armv7s.a; sourceTree = "<group>"; };
		945ADAC41807E99700B09F43 /* WXApi.h */ = {isa = PBXFileReference; fileEncoding = 4; lastKnownFileType = sourcecode.c.h; path = WXApi.h; sourceTree = "<group>"; };
		945ADAC51807E99700B09F43 /* WXApiObject.h */ = {isa = PBXFileReference; fileEncoding = 4; lastKnownFileType = sourcecode.c.h; path = WXApiObject.h; sourceTree = "<group>"; };
		945ADC6C1807EC3800B09F43 /* Utility.h */ = {isa = PBXFileReference; fileEncoding = 4; lastKnownFileType = sourcecode.c.h; path = Utility.h; sourceTree = "<group>"; };
		945ADC6D1807EC3800B09F43 /* Utility.m */ = {isa = PBXFileReference; fileEncoding = 4; lastKnownFileType = sourcecode.c.objc; path = Utility.m; sourceTree = "<group>"; };
		945ADC741807F19800B09F43 /* AFHTTPRequestOperation.h */ = {isa = PBXFileReference; fileEncoding = 4; lastKnownFileType = sourcecode.c.h; path = AFHTTPRequestOperation.h; sourceTree = "<group>"; };
		945ADC751807F19800B09F43 /* AFHTTPRequestOperation.m */ = {isa = PBXFileReference; fileEncoding = 4; lastKnownFileType = sourcecode.c.objc; path = AFHTTPRequestOperation.m; sourceTree = "<group>"; };
		945ADC761807F19800B09F43 /* AFHTTPRequestOperationManager.h */ = {isa = PBXFileReference; fileEncoding = 4; lastKnownFileType = sourcecode.c.h; path = AFHTTPRequestOperationManager.h; sourceTree = "<group>"; };
		945ADC771807F19800B09F43 /* AFHTTPRequestOperationManager.m */ = {isa = PBXFileReference; fileEncoding = 4; lastKnownFileType = sourcecode.c.objc; path = AFHTTPRequestOperationManager.m; sourceTree = "<group>"; };
		945ADC781807F19800B09F43 /* AFHTTPSessionManager.h */ = {isa = PBXFileReference; fileEncoding = 4; lastKnownFileType = sourcecode.c.h; path = AFHTTPSessionManager.h; sourceTree = "<group>"; };
		945ADC791807F19800B09F43 /* AFHTTPSessionManager.m */ = {isa = PBXFileReference; fileEncoding = 4; lastKnownFileType = sourcecode.c.objc; path = AFHTTPSessionManager.m; sourceTree = "<group>"; };
		945ADC7A1807F19800B09F43 /* AFNetworking.h */ = {isa = PBXFileReference; fileEncoding = 4; lastKnownFileType = sourcecode.c.h; path = AFNetworking.h; sourceTree = "<group>"; };
		945ADC7B1807F19800B09F43 /* AFNetworkReachabilityManager.h */ = {isa = PBXFileReference; fileEncoding = 4; lastKnownFileType = sourcecode.c.h; path = AFNetworkReachabilityManager.h; sourceTree = "<group>"; };
		945ADC7C1807F19800B09F43 /* AFNetworkReachabilityManager.m */ = {isa = PBXFileReference; fileEncoding = 4; lastKnownFileType = sourcecode.c.objc; path = AFNetworkReachabilityManager.m; sourceTree = "<group>"; };
		945ADC7D1807F19800B09F43 /* AFSecurityPolicy.h */ = {isa = PBXFileReference; fileEncoding = 4; lastKnownFileType = sourcecode.c.h; path = AFSecurityPolicy.h; sourceTree = "<group>"; };
		945ADC7E1807F19800B09F43 /* AFSecurityPolicy.m */ = {isa = PBXFileReference; fileEncoding = 4; lastKnownFileType = sourcecode.c.objc; path = AFSecurityPolicy.m; sourceTree = "<group>"; };
		945ADC7F1807F19800B09F43 /* AFURLConnectionOperation.h */ = {isa = PBXFileReference; fileEncoding = 4; lastKnownFileType = sourcecode.c.h; path = AFURLConnectionOperation.h; sourceTree = "<group>"; };
		945ADC801807F19800B09F43 /* AFURLConnectionOperation.m */ = {isa = PBXFileReference; fileEncoding = 4; lastKnownFileType = sourcecode.c.objc; path = AFURLConnectionOperation.m; sourceTree = "<group>"; };
		945ADC811807F19800B09F43 /* AFURLRequestSerialization.h */ = {isa = PBXFileReference; fileEncoding = 4; lastKnownFileType = sourcecode.c.h; path = AFURLRequestSerialization.h; sourceTree = "<group>"; };
		945ADC821807F19800B09F43 /* AFURLRequestSerialization.m */ = {isa = PBXFileReference; fileEncoding = 4; lastKnownFileType = sourcecode.c.objc; path = AFURLRequestSerialization.m; sourceTree = "<group>"; };
		945ADC831807F19800B09F43 /* AFURLResponseSerialization.h */ = {isa = PBXFileReference; fileEncoding = 4; lastKnownFileType = sourcecode.c.h; path = AFURLResponseSerialization.h; sourceTree = "<group>"; };
		945ADC841807F19800B09F43 /* AFURLResponseSerialization.m */ = {isa = PBXFileReference; fileEncoding = 4; lastKnownFileType = sourcecode.c.objc; path = AFURLResponseSerialization.m; sourceTree = "<group>"; };
		945ADC851807F19800B09F43 /* AFURLSessionManager.h */ = {isa = PBXFileReference; fileEncoding = 4; lastKnownFileType = sourcecode.c.h; path = AFURLSessionManager.h; sourceTree = "<group>"; };
		945ADC861807F19800B09F43 /* AFURLSessionManager.m */ = {isa = PBXFileReference; fileEncoding = 4; lastKnownFileType = sourcecode.c.objc; path = AFURLSessionManager.m; sourceTree = "<group>"; };
		945ADC881807F19800B09F43 /* AFNetworkActivityIndicatorManager.h */ = {isa = PBXFileReference; fileEncoding = 4; lastKnownFileType = sourcecode.c.h; path = AFNetworkActivityIndicatorManager.h; sourceTree = "<group>"; };
		945ADC891807F19800B09F43 /* AFNetworkActivityIndicatorManager.m */ = {isa = PBXFileReference; fileEncoding = 4; lastKnownFileType = sourcecode.c.objc; path = AFNetworkActivityIndicatorManager.m; sourceTree = "<group>"; };
		945ADC8A1807F19800B09F43 /* UIActivityIndicatorView+AFNetworking.h */ = {isa = PBXFileReference; fileEncoding = 4; lastKnownFileType = sourcecode.c.h; path = "UIActivityIndicatorView+AFNetworking.h"; sourceTree = "<group>"; };
		945ADC8B1807F19800B09F43 /* UIActivityIndicatorView+AFNetworking.m */ = {isa = PBXFileReference; fileEncoding = 4; lastKnownFileType = sourcecode.c.objc; path = "UIActivityIndicatorView+AFNetworking.m"; sourceTree = "<group>"; };
		945ADC8C1807F19800B09F43 /* UIAlertView+AFNetworking.h */ = {isa = PBXFileReference; fileEncoding = 4; lastKnownFileType = sourcecode.c.h; path = "UIAlertView+AFNetworking.h"; sourceTree = "<group>"; };
		945ADC8D1807F19800B09F43 /* UIAlertView+AFNetworking.m */ = {isa = PBXFileReference; fileEncoding = 4; lastKnownFileType = sourcecode.c.objc; path = "UIAlertView+AFNetworking.m"; sourceTree = "<group>"; };
		945ADC8E1807F19800B09F43 /* UIButton+AFNetworking.h */ = {isa = PBXFileReference; fileEncoding = 4; lastKnownFileType = sourcecode.c.h; path = "UIButton+AFNetworking.h"; sourceTree = "<group>"; };
		945ADC8F1807F19800B09F43 /* UIButton+AFNetworking.m */ = {isa = PBXFileReference; fileEncoding = 4; lastKnownFileType = sourcecode.c.objc; path = "UIButton+AFNetworking.m"; sourceTree = "<group>"; };
		945ADC901807F19800B09F43 /* UIImageView+AFNetworking.h */ = {isa = PBXFileReference; fileEncoding = 4; lastKnownFileType = sourcecode.c.h; path = "UIImageView+AFNetworking.h"; sourceTree = "<group>"; };
		945ADC911807F19800B09F43 /* UIImageView+AFNetworking.m */ = {isa = PBXFileReference; fileEncoding = 4; lastKnownFileType = sourcecode.c.objc; path = "UIImageView+AFNetworking.m"; sourceTree = "<group>"; };
		945ADC921807F19800B09F43 /* UIKit+AFNetworking.h */ = {isa = PBXFileReference; fileEncoding = 4; lastKnownFileType = sourcecode.c.h; path = "UIKit+AFNetworking.h"; sourceTree = "<group>"; };
		945ADC931807F19800B09F43 /* UIProgressView+AFNetworking.h */ = {isa = PBXFileReference; fileEncoding = 4; lastKnownFileType = sourcecode.c.h; path = "UIProgressView+AFNetworking.h"; sourceTree = "<group>"; };
		945ADC941807F19800B09F43 /* UIProgressView+AFNetworking.m */ = {isa = PBXFileReference; fileEncoding = 4; lastKnownFileType = sourcecode.c.objc; path = "UIProgressView+AFNetworking.m"; sourceTree = "<group>"; };
		945ADC951807F19800B09F43 /* UIWebView+AFNetworking.h */ = {isa = PBXFileReference; fileEncoding = 4; lastKnownFileType = sourcecode.c.h; path = "UIWebView+AFNetworking.h"; sourceTree = "<group>"; };
		945ADC961807F19800B09F43 /* UIWebView+AFNetworking.m */ = {isa = PBXFileReference; fileEncoding = 4; lastKnownFileType = sourcecode.c.objc; path = "UIWebView+AFNetworking.m"; sourceTree = "<group>"; };
		945ADCA71807F3F100B09F43 /* NSString+MD5.h */ = {isa = PBXFileReference; fileEncoding = 4; lastKnownFileType = sourcecode.c.h; path = "NSString+MD5.h"; sourceTree = "<group>"; };
		945ADCA81807F3F100B09F43 /* NSString+MD5.m */ = {isa = PBXFileReference; fileEncoding = 4; lastKnownFileType = sourcecode.c.objc; path = "NSString+MD5.m"; sourceTree = "<group>"; };
		945ADCA91807F3F100B09F43 /* NSString+MD5Addition.h */ = {isa = PBXFileReference; fileEncoding = 4; lastKnownFileType = sourcecode.c.h; path = "NSString+MD5Addition.h"; sourceTree = "<group>"; };
		945ADCAA1807F3F100B09F43 /* NSString+MD5Addition.m */ = {isa = PBXFileReference; fileEncoding = 4; lastKnownFileType = sourcecode.c.objc; path = "NSString+MD5Addition.m"; sourceTree = "<group>"; };
		945ADCAB1807F3F100B09F43 /* NSString+stringValue.h */ = {isa = PBXFileReference; fileEncoding = 4; lastKnownFileType = sourcecode.c.h; path = "NSString+stringValue.h"; sourceTree = "<group>"; };
		945ADCAC1807F3F100B09F43 /* NSString+stringValue.m */ = {isa = PBXFileReference; fileEncoding = 4; lastKnownFileType = sourcecode.c.objc; path = "NSString+stringValue.m"; sourceTree = "<group>"; };
/* End PBXFileReference section */

/* Begin PBXFrameworksBuildPhase section */
		945AD9421807E16600B09F43 /* Frameworks */ = {
			isa = PBXFrameworksBuildPhase;
			buildActionMask = 2147483647;
			files = (
				945AD94B1807E16600B09F43 /* CoreGraphics.framework in Frameworks */,
				945AD94D1807E16600B09F43 /* UIKit.framework in Frameworks */,
				945AD9491807E16600B09F43 /* Foundation.framework in Frameworks */,
				945ADC141807E99700B09F43 /* libWeChatSDK_armv7_armv7s.a in Frameworks */,
				945ADC131807E99700B09F43 /* libWeChatSDK.a in Frameworks */,
			);
			runOnlyForDeploymentPostprocessing = 0;
		};
		945AD95D1807E16700B09F43 /* Frameworks */ = {
			isa = PBXFrameworksBuildPhase;
			buildActionMask = 2147483647;
			files = (
				945AD9621807E16700B09F43 /* XCTest.framework in Frameworks */,
				945AD9641807E16700B09F43 /* UIKit.framework in Frameworks */,
				945AD9631807E16700B09F43 /* Foundation.framework in Frameworks */,
			);
			runOnlyForDeploymentPostprocessing = 0;
		};
/* End PBXFrameworksBuildPhase section */

/* Begin PBXGroup section */
		945AD93C1807E16600B09F43 = {
			isa = PBXGroup;
			children = (
				945AD94E1807E16600B09F43 /* marathon */,
				945AD9671807E16700B09F43 /* marathonTests */,
				945AD9471807E16600B09F43 /* Frameworks */,
				945AD9461807E16600B09F43 /* Products */,
			);
			sourceTree = "<group>";
		};
		945AD9461807E16600B09F43 /* Products */ = {
			isa = PBXGroup;
			children = (
				945AD9451807E16600B09F43 /* marathon.app */,
				945AD9601807E16700B09F43 /* marathonTests.xctest */,
			);
			name = Products;
			sourceTree = "<group>";
		};
		945AD9471807E16600B09F43 /* Frameworks */ = {
			isa = PBXGroup;
			children = (
				945AD9481807E16600B09F43 /* Foundation.framework */,
				945AD94A1807E16600B09F43 /* CoreGraphics.framework */,
				945AD94C1807E16600B09F43 /* UIKit.framework */,
				945AD9611807E16700B09F43 /* XCTest.framework */,
			);
			name = Frameworks;
			sourceTree = "<group>";
		};
		945AD94E1807E16600B09F43 /* marathon */ = {
			isa = PBXGroup;
			children = (
				945AD9771807E18500B09F43 /* class */,
				945AD9571807E16700B09F43 /* AppDelegate.h */,
				945AD9581807E16700B09F43 /* AppDelegate.m */,
				945AD9B21807E70100B09F43 /* Images.xcassets */,
				945AD9C01807E99600B09F43 /* lib */,
				945AD97F1807E1EB00B09F43 /* const */,
				945AD9781807E18500B09F43 /* image */,
				945AD94F1807E16600B09F43 /* Supporting Files */,
			);
			path = marathon;
			sourceTree = "<group>";
		};
		945AD94F1807E16600B09F43 /* Supporting Files */ = {
			isa = PBXGroup;
			children = (
				945AD9501807E16700B09F43 /* marathon-Info.plist */,
				945AD9511807E16700B09F43 /* InfoPlist.strings */,
				945AD9541807E16700B09F43 /* main.m */,
				945AD9561807E16700B09F43 /* marathon-Prefix.pch */,
			);
			name = "Supporting Files";
			sourceTree = "<group>";
		};
		945AD9671807E16700B09F43 /* marathonTests */ = {
			isa = PBXGroup;
			children = (
				945AD96D1807E16700B09F43 /* marathonTests.m */,
				945AD9681807E16700B09F43 /* Supporting Files */,
			);
			path = marathonTests;
			sourceTree = "<group>";
		};
		945AD9681807E16700B09F43 /* Supporting Files */ = {
			isa = PBXGroup;
			children = (
				945AD9691807E16700B09F43 /* marathonTests-Info.plist */,
				945AD96A1807E16700B09F43 /* InfoPlist.strings */,
			);
			name = "Supporting Files";
			sourceTree = "<group>";
		};
		945AD9771807E18500B09F43 /* class */ = {
			isa = PBXGroup;
			children = (
				945AD9A31807E4DD00B09F43 /* Helper */,
				945AD9811807E2BC00B09F43 /* Utility */,
				945AD9791807E19400B09F43 /* LoginViewController.h */,
				945AD97A1807E19400B09F43 /* LoginViewController.m */,
				945AD97C1807E1A200B09F43 /* RootViewController.h */,
				945AD97D1807E1A200B09F43 /* RootViewController.m */,
			);
			path = class;
			sourceTree = "<group>";
		};
		945AD9781807E18500B09F43 /* image */ = {
			isa = PBXGroup;
			children = (
			);
			path = image;
			sourceTree = "<group>";
		};
		945AD97F1807E1EB00B09F43 /* const */ = {
			isa = PBXGroup;
			children = (
				945AD9801807E1EB00B09F43 /* Const.h */,
			);
			path = const;
			sourceTree = "<group>";
		};
		945AD9811807E2BC00B09F43 /* Utility */ = {
			isa = PBXGroup;
			children = (
				945ADCA71807F3F100B09F43 /* NSString+MD5.h */,
				945ADCA81807F3F100B09F43 /* NSString+MD5.m */,
				945ADCA91807F3F100B09F43 /* NSString+MD5Addition.h */,
				945ADCAA1807F3F100B09F43 /* NSString+MD5Addition.m */,
				945ADCAB1807F3F100B09F43 /* NSString+stringValue.h */,
				945ADCAC1807F3F100B09F43 /* NSString+stringValue.m */,
				945ADC6C1807EC3800B09F43 /* Utility.h */,
				945ADC6D1807EC3800B09F43 /* Utility.m */,
			);
			path = Utility;
			sourceTree = "<group>";
		};
		945AD9A31807E4DD00B09F43 /* Helper */ = {
			isa = PBXGroup;
			children = (
				945AD9A81807E4DD00B09F43 /* PersistenceHelper.h */,
				945AD9A91807E4DD00B09F43 /* PersistenceHelper.m */,
			);
			path = Helper;
			sourceTree = "<group>";
		};
		945AD9C01807E99600B09F43 /* lib */ = {
			isa = PBXGroup;
			children = (
				945ADC731807F19800B09F43 /* AFNetworking */,
				945ADC871807F19800B09F43 /* UIKit+AFNetworking */,
				945AD9FA1807E99600B09F43 /* HJCacheClasses */,
				945ADA751807E99700B09F43 /* SBJson */,
				945ADAC11807E99700B09F43 /* Weixin */,
			);
			path = lib;
			sourceTree = "<group>";
		};
		945AD9FA1807E99600B09F43 /* HJCacheClasses */ = {
			isa = PBXGroup;
			children = (
				945AD9FB1807E99600B09F43 /* HJCircularBuffer.h */,
				945AD9FC1807E99600B09F43 /* HJCircularBuffer.m */,
				945AD9FD1807E99600B09F43 /* HJManagedCropImageV.h */,
				945AD9FE1807E99600B09F43 /* HJManagedCropImageV.m */,
				945ADA011807E99600B09F43 /* HJManagedImageV.h */,
				945ADA021807E99600B09F43 /* HJManagedImageV.m */,
				945ADA031807E99600B09F43 /* HJManagedImageVDelegate.h */,
				945ADA061807E99600B09F43 /* HJMOBigFileCache.h */,
				945ADA071807E99600B09F43 /* HJMOBigFileCache.m */,
				945ADA081807E99600B09F43 /* HJMOFileCache.h */,
				945ADA091807E99600B09F43 /* HJMOFileCache.m */,
				945ADA0A1807E99600B09F43 /* HJMOHandler.h */,
				945ADA0B1807E99600B09F43 /* HJMOHandler.m */,
				945ADA0C1807E99600B09F43 /* HJMOPolicy.h */,
				945ADA0D1807E99600B09F43 /* HJMOPolicy.m */,
				945ADA0E1807E99600B09F43 /* HJMOUser.h */,
				945ADA0F1807E99600B09F43 /* HJMOUserBase.h */,
				945ADA101807E99600B09F43 /* HJMOUserBase.m */,
				945ADA111807E99600B09F43 /* HJObjManager.h */,
				945ADA121807E99600B09F43 /* HJObjManager.m */,
				945ADA131807E99600B09F43 /* HJWeakMutableArray.h */,
				945ADA141807E99600B09F43 /* HJWeakMutableArray.m */,
			);
			path = HJCacheClasses;
			sourceTree = "<group>";
		};
		945ADA751807E99700B09F43 /* SBJson */ = {
			isa = PBXGroup;
			children = (
				945ADA761807E99700B09F43 /* JSON.h */,
				945ADA771807E99700B09F43 /* NSObject+SBJson.h */,
				945ADA781807E99700B09F43 /* NSObject+SBJson.m */,
				945ADA791807E99700B09F43 /* SBJson.h */,
				945ADA7A1807E99700B09F43 /* SBJsonParser.h */,
				945ADA7B1807E99700B09F43 /* SBJsonParser.m */,
				945ADA7C1807E99700B09F43 /* SBJsonStreamParser.h */,
				945ADA7D1807E99700B09F43 /* SBJsonStreamParser.m */,
				945ADA7E1807E99700B09F43 /* SBJsonStreamParserAccumulator.h */,
				945ADA7F1807E99700B09F43 /* SBJsonStreamParserAccumulator.m */,
				945ADA801807E99700B09F43 /* SBJsonStreamParserAdapter.h */,
				945ADA811807E99700B09F43 /* SBJsonStreamParserAdapter.m */,
				945ADA821807E99700B09F43 /* SBJsonStreamParserState.h */,
				945ADA831807E99700B09F43 /* SBJsonStreamParserState.m */,
				945ADA841807E99700B09F43 /* SBJsonStreamWriter.h */,
				945ADA851807E99700B09F43 /* SBJsonStreamWriter.m */,
				945ADA861807E99700B09F43 /* SBJsonStreamWriterAccumulator.h */,
				945ADA871807E99700B09F43 /* SBJsonStreamWriterAccumulator.m */,
				945ADA881807E99700B09F43 /* SBJsonStreamWriterState.h */,
				945ADA891807E99700B09F43 /* SBJsonStreamWriterState.m */,
				945ADA8A1807E99700B09F43 /* SBJsonTokeniser.h */,
				945ADA8B1807E99700B09F43 /* SBJsonTokeniser.m */,
				945ADA8C1807E99700B09F43 /* SBJsonUTF8Stream.h */,
				945ADA8D1807E99700B09F43 /* SBJsonUTF8Stream.m */,
				945ADA8E1807E99700B09F43 /* SBJsonWriter.h */,
				945ADA8F1807E99700B09F43 /* SBJsonWriter.m */,
			);
			path = SBJson;
			sourceTree = "<group>";
		};
		945ADAC11807E99700B09F43 /* Weixin */ = {
			isa = PBXGroup;
			children = (
				945ADAC21807E99700B09F43 /* libWeChatSDK.a */,
				945ADAC31807E99700B09F43 /* libWeChatSDK_armv7_armv7s.a */,
				945ADAC41807E99700B09F43 /* WXApi.h */,
				945ADAC51807E99700B09F43 /* WXApiObject.h */,
			);
			path = Weixin;
			sourceTree = "<group>";
		};
		945ADC731807F19800B09F43 /* AFNetworking */ = {
			isa = PBXGroup;
			children = (
				945ADC741807F19800B09F43 /* AFHTTPRequestOperation.h */,
				945ADC751807F19800B09F43 /* AFHTTPRequestOperation.m */,
				945ADC761807F19800B09F43 /* AFHTTPRequestOperationManager.h */,
				945ADC771807F19800B09F43 /* AFHTTPRequestOperationManager.m */,
				945ADC781807F19800B09F43 /* AFHTTPSessionManager.h */,
				945ADC791807F19800B09F43 /* AFHTTPSessionManager.m */,
				945ADC7A1807F19800B09F43 /* AFNetworking.h */,
				945ADC7B1807F19800B09F43 /* AFNetworkReachabilityManager.h */,
				945ADC7C1807F19800B09F43 /* AFNetworkReachabilityManager.m */,
				945ADC7D1807F19800B09F43 /* AFSecurityPolicy.h */,
				945ADC7E1807F19800B09F43 /* AFSecurityPolicy.m */,
				945ADC7F1807F19800B09F43 /* AFURLConnectionOperation.h */,
				945ADC801807F19800B09F43 /* AFURLConnectionOperation.m */,
				945ADC811807F19800B09F43 /* AFURLRequestSerialization.h */,
				945ADC821807F19800B09F43 /* AFURLRequestSerialization.m */,
				945ADC831807F19800B09F43 /* AFURLResponseSerialization.h */,
				945ADC841807F19800B09F43 /* AFURLResponseSerialization.m */,
				945ADC851807F19800B09F43 /* AFURLSessionManager.h */,
				945ADC861807F19800B09F43 /* AFURLSessionManager.m */,
			);
			path = AFNetworking;
			sourceTree = "<group>";
		};
		945ADC871807F19800B09F43 /* UIKit+AFNetworking */ = {
			isa = PBXGroup;
			children = (
				945ADC881807F19800B09F43 /* AFNetworkActivityIndicatorManager.h */,
				945ADC891807F19800B09F43 /* AFNetworkActivityIndicatorManager.m */,
				945ADC8A1807F19800B09F43 /* UIActivityIndicatorView+AFNetworking.h */,
				945ADC8B1807F19800B09F43 /* UIActivityIndicatorView+AFNetworking.m */,
				945ADC8C1807F19800B09F43 /* UIAlertView+AFNetworking.h */,
				945ADC8D1807F19800B09F43 /* UIAlertView+AFNetworking.m */,
				945ADC8E1807F19800B09F43 /* UIButton+AFNetworking.h */,
				945ADC8F1807F19800B09F43 /* UIButton+AFNetworking.m */,
				945ADC901807F19800B09F43 /* UIImageView+AFNetworking.h */,
				945ADC911807F19800B09F43 /* UIImageView+AFNetworking.m */,
				945ADC921807F19800B09F43 /* UIKit+AFNetworking.h */,
				945ADC931807F19800B09F43 /* UIProgressView+AFNetworking.h */,
				945ADC941807F19800B09F43 /* UIProgressView+AFNetworking.m */,
				945ADC951807F19800B09F43 /* UIWebView+AFNetworking.h */,
				945ADC961807F19800B09F43 /* UIWebView+AFNetworking.m */,
			);
			path = "UIKit+AFNetworking";
			sourceTree = "<group>";
		};
/* End PBXGroup section */

/* Begin PBXNativeTarget section */
		945AD9441807E16600B09F43 /* marathon */ = {
			isa = PBXNativeTarget;
			buildConfigurationList = 945AD9711807E16700B09F43 /* Build configuration list for PBXNativeTarget "marathon" */;
			buildPhases = (
				945AD9411807E16600B09F43 /* Sources */,
				945AD9421807E16600B09F43 /* Frameworks */,
				945AD9431807E16600B09F43 /* Resources */,
			);
			buildRules = (
			);
			dependencies = (
			);
			name = marathon;
			productName = marathon;
			productReference = 945AD9451807E16600B09F43 /* marathon.app */;
			productType = "com.apple.product-type.application";
		};
		945AD95F1807E16700B09F43 /* marathonTests */ = {
			isa = PBXNativeTarget;
			buildConfigurationList = 945AD9741807E16700B09F43 /* Build configuration list for PBXNativeTarget "marathonTests" */;
			buildPhases = (
				945AD95C1807E16700B09F43 /* Sources */,
				945AD95D1807E16700B09F43 /* Frameworks */,
				945AD95E1807E16700B09F43 /* Resources */,
			);
			buildRules = (
			);
			dependencies = (
				945AD9661807E16700B09F43 /* PBXTargetDependency */,
			);
			name = marathonTests;
			productName = marathonTests;
			productReference = 945AD9601807E16700B09F43 /* marathonTests.xctest */;
			productType = "com.apple.product-type.bundle.unit-test";
		};
/* End PBXNativeTarget section */

/* Begin PBXProject section */
		945AD93D1807E16600B09F43 /* Project object */ = {
			isa = PBXProject;
			attributes = {
				LastUpgradeCheck = 0500;
				ORGANIZATIONNAME = Ryan;
				TargetAttributes = {
					945AD95F1807E16700B09F43 = {
						TestTargetID = 945AD9441807E16600B09F43;
					};
				};
			};
			buildConfigurationList = 945AD9401807E16600B09F43 /* Build configuration list for PBXProject "marathon" */;
			compatibilityVersion = "Xcode 3.2";
			developmentRegion = English;
			hasScannedForEncodings = 0;
			knownRegions = (
				en,
			);
			mainGroup = 945AD93C1807E16600B09F43;
			productRefGroup = 945AD9461807E16600B09F43 /* Products */;
			projectDirPath = "";
			projectRoot = "";
			targets = (
				945AD9441807E16600B09F43 /* marathon */,
				945AD95F1807E16700B09F43 /* marathonTests */,
			);
		};
/* End PBXProject section */

/* Begin PBXResourcesBuildPhase section */
		945AD9431807E16600B09F43 /* Resources */ = {
			isa = PBXResourcesBuildPhase;
			buildActionMask = 2147483647;
			files = (
				945AD9531807E16700B09F43 /* InfoPlist.strings in Resources */,
				945AD9B31807E70100B09F43 /* Images.xcassets in Resources */,
			);
			runOnlyForDeploymentPostprocessing = 0;
		};
		945AD95E1807E16700B09F43 /* Resources */ = {
			isa = PBXResourcesBuildPhase;
			buildActionMask = 2147483647;
			files = (
				945AD96C1807E16700B09F43 /* InfoPlist.strings in Resources */,
			);
			runOnlyForDeploymentPostprocessing = 0;
		};
/* End PBXResourcesBuildPhase section */

/* Begin PBXSourcesBuildPhase section */
		945AD9411807E16600B09F43 /* Sources */ = {
			isa = PBXSourcesBuildPhase;
			buildActionMask = 2147483647;
			files = (
				945ADC9C1807F19800B09F43 /* AFURLConnectionOperation.m in Sources */,
				945ADC971807F19800B09F43 /* AFHTTPRequestOperation.m in Sources */,
				945ADBFF1807E99700B09F43 /* SBJsonWriter.m in Sources */,
				945AD9AC1807E4DD00B09F43 /* PersistenceHelper.m in Sources */,
				945ADBC71807E99700B09F43 /* HJWeakMutableArray.m in Sources */,
				945ADBFD1807E99700B09F43 /* SBJsonTokeniser.m in Sources */,
				945ADBBF1807E99700B09F43 /* HJManagedImageV.m in Sources */,
				945ADBC61807E99700B09F43 /* HJObjManager.m in Sources */,
				945ADBFE1807E99700B09F43 /* SBJsonUTF8Stream.m in Sources */,
				945AD9591807E16700B09F43 /* AppDelegate.m in Sources */,
				945ADC9A1807F19800B09F43 /* AFNetworkReachabilityManager.m in Sources */,
				945ADC9B1807F19800B09F43 /* AFSecurityPolicy.m in Sources */,
				945ADBC31807E99700B09F43 /* HJMOHandler.m in Sources */,
				945ADBF71807E99700B09F43 /* SBJsonStreamParserAccumulator.m in Sources */,
				945ADCA31807F19800B09F43 /* UIButton+AFNetworking.m in Sources */,
				945ADBFA1807E99700B09F43 /* SBJsonStreamWriter.m in Sources */,
				945ADBF51807E99700B09F43 /* SBJsonParser.m in Sources */,
				945ADCA51807F19800B09F43 /* UIProgressView+AFNetworking.m in Sources */,
				945ADCA01807F19800B09F43 /* AFNetworkActivityIndicatorManager.m in Sources */,
				945ADBC21807E99700B09F43 /* HJMOFileCache.m in Sources */,
				945ADCAE1807F3F100B09F43 /* NSString+MD5Addition.m in Sources */,
				945AD9551807E16700B09F43 /* main.m in Sources */,
				945ADC9E1807F19800B09F43 /* AFURLResponseSerialization.m in Sources */,
				945ADC6E1807EC3800B09F43 /* Utility.m in Sources */,
				945ADCA41807F19800B09F43 /* UIImageView+AFNetworking.m in Sources */,
				945ADBF81807E99700B09F43 /* SBJsonStreamParserAdapter.m in Sources */,
				945ADCAF1807F3F100B09F43 /* NSString+stringValue.m in Sources */,
				945ADC981807F19800B09F43 /* AFHTTPRequestOperationManager.m in Sources */,
				945ADBC51807E99700B09F43 /* HJMOUserBase.m in Sources */,
				945ADC9D1807F19800B09F43 /* AFURLRequestSerialization.m in Sources */,
				945ADBC41807E99700B09F43 /* HJMOPolicy.m in Sources */,
				945ADCAD1807F3F100B09F43 /* NSString+MD5.m in Sources */,
				945ADCA61807F19800B09F43 /* UIWebView+AFNetworking.m in Sources */,
				945ADBF61807E99700B09F43 /* SBJsonStreamParser.m in Sources */,
				945ADBFB1807E99700B09F43 /* SBJsonStreamWriterAccumulator.m in Sources */,
				945AD97E1807E1A200B09F43 /* RootViewController.m in Sources */,
				945ADBF41807E99700B09F43 /* NSObject+SBJson.m in Sources */,
				945ADC9F1807F19800B09F43 /* AFURLSessionManager.m in Sources */,
				945ADC991807F19800B09F43 /* AFHTTPSessionManager.m in Sources */,
				945ADBBD1807E99700B09F43 /* HJManagedCropImageV.m in Sources */,
				945ADBF91807E99700B09F43 /* SBJsonStreamParserState.m in Sources */,
				945ADCA21807F19800B09F43 /* UIAlertView+AFNetworking.m in Sources */,
				945AD97B1807E19400B09F43 /* LoginViewController.m in Sources */,
				945ADBBC1807E99700B09F43 /* HJCircularBuffer.m in Sources */,
				945ADBFC1807E99700B09F43 /* SBJsonStreamWriterState.m in Sources */,
				945ADBC11807E99700B09F43 /* HJMOBigFileCache.m in Sources */,
				945ADCA11807F19800B09F43 /* UIActivityIndicatorView+AFNetworking.m in Sources */,
			);
			runOnlyForDeploymentPostprocessing = 0;
		};
		945AD95C1807E16700B09F43 /* Sources */ = {
			isa = PBXSourcesBuildPhase;
			buildActionMask = 2147483647;
			files = (
				945AD96E1807E16700B09F43 /* marathonTests.m in Sources */,
			);
			runOnlyForDeploymentPostprocessing = 0;
		};
/* End PBXSourcesBuildPhase section */

/* Begin PBXTargetDependency section */
		945AD9661807E16700B09F43 /* PBXTargetDependency */ = {
			isa = PBXTargetDependency;
			target = 945AD9441807E16600B09F43 /* marathon */;
			targetProxy = 945AD9651807E16700B09F43 /* PBXContainerItemProxy */;
		};
/* End PBXTargetDependency section */

/* Begin PBXVariantGroup section */
		945AD9511807E16700B09F43 /* InfoPlist.strings */ = {
			isa = PBXVariantGroup;
			children = (
				945AD9521807E16700B09F43 /* en */,
			);
			name = InfoPlist.strings;
			sourceTree = "<group>";
		};
		945AD96A1807E16700B09F43 /* InfoPlist.strings */ = {
			isa = PBXVariantGroup;
			children = (
				945AD96B1807E16700B09F43 /* en */,
			);
			name = InfoPlist.strings;
			sourceTree = "<group>";
		};
/* End PBXVariantGroup section */

/* Begin XCBuildConfiguration section */
		945AD96F1807E16700B09F43 /* Debug */ = {
			isa = XCBuildConfiguration;
			buildSettings = {
				ALWAYS_SEARCH_USER_PATHS = NO;
				ARCHS = "$(ARCHS_STANDARD_INCLUDING_64_BIT)";
				CLANG_CXX_LANGUAGE_STANDARD = "gnu++0x";
				CLANG_CXX_LIBRARY = "libc++";
				CLANG_ENABLE_MODULES = YES;
				CLANG_ENABLE_OBJC_ARC = YES;
				CLANG_WARN_BOOL_CONVERSION = YES;
				CLANG_WARN_CONSTANT_CONVERSION = YES;
				CLANG_WARN_DIRECT_OBJC_ISA_USAGE = YES_ERROR;
				CLANG_WARN_EMPTY_BODY = YES;
				CLANG_WARN_ENUM_CONVERSION = YES;
				CLANG_WARN_INT_CONVERSION = YES;
				CLANG_WARN_OBJC_ROOT_CLASS = YES_ERROR;
				CLANG_WARN__DUPLICATE_METHOD_MATCH = YES;
				"CODE_SIGN_IDENTITY[sdk=iphoneos*]" = "iPhone Developer";
				COPY_PHASE_STRIP = NO;
				GCC_C_LANGUAGE_STANDARD = gnu99;
				GCC_DYNAMIC_NO_PIC = NO;
				GCC_OPTIMIZATION_LEVEL = 0;
				GCC_PREPROCESSOR_DEFINITIONS = (
					"DEBUG=1",
					"$(inherited)",
				);
				GCC_SYMBOLS_PRIVATE_EXTERN = NO;
				GCC_WARN_64_TO_32_BIT_CONVERSION = YES;
				GCC_WARN_ABOUT_RETURN_TYPE = YES_ERROR;
				GCC_WARN_UNDECLARED_SELECTOR = YES;
				GCC_WARN_UNINITIALIZED_AUTOS = YES;
				GCC_WARN_UNUSED_FUNCTION = YES;
				GCC_WARN_UNUSED_VARIABLE = YES;
				IPHONEOS_DEPLOYMENT_TARGET = 7.0;
				ONLY_ACTIVE_ARCH = YES;
				SDKROOT = iphoneos;
			};
			name = Debug;
		};
		945AD9701807E16700B09F43 /* Release */ = {
			isa = XCBuildConfiguration;
			buildSettings = {
				ALWAYS_SEARCH_USER_PATHS = NO;
				ARCHS = "$(ARCHS_STANDARD_INCLUDING_64_BIT)";
				CLANG_CXX_LANGUAGE_STANDARD = "gnu++0x";
				CLANG_CXX_LIBRARY = "libc++";
				CLANG_ENABLE_MODULES = YES;
				CLANG_ENABLE_OBJC_ARC = YES;
				CLANG_WARN_BOOL_CONVERSION = YES;
				CLANG_WARN_CONSTANT_CONVERSION = YES;
				CLANG_WARN_DIRECT_OBJC_ISA_USAGE = YES_ERROR;
				CLANG_WARN_EMPTY_BODY = YES;
				CLANG_WARN_ENUM_CONVERSION = YES;
				CLANG_WARN_INT_CONVERSION = YES;
				CLANG_WARN_OBJC_ROOT_CLASS = YES_ERROR;
				CLANG_WARN__DUPLICATE_METHOD_MATCH = YES;
				"CODE_SIGN_IDENTITY[sdk=iphoneos*]" = "iPhone Developer";
				COPY_PHASE_STRIP = YES;
				ENABLE_NS_ASSERTIONS = NO;
				GCC_C_LANGUAGE_STANDARD = gnu99;
				GCC_WARN_64_TO_32_BIT_CONVERSION = YES;
				GCC_WARN_ABOUT_RETURN_TYPE = YES_ERROR;
				GCC_WARN_UNDECLARED_SELECTOR = YES;
				GCC_WARN_UNINITIALIZED_AUTOS = YES;
				GCC_WARN_UNUSED_FUNCTION = YES;
				GCC_WARN_UNUSED_VARIABLE = YES;
				IPHONEOS_DEPLOYMENT_TARGET = 7.0;
				SDKROOT = iphoneos;
				VALIDATE_PRODUCT = YES;
			};
			name = Release;
		};
		945AD9721807E16700B09F43 /* Debug */ = {
			isa = XCBuildConfiguration;
			buildSettings = {
				ARCHS = (
					armv6,
					armv7,
					armv7s,
				);
				ASSETCATALOG_COMPILER_APPICON_NAME = AppIcon;
				ASSETCATALOG_COMPILER_LAUNCHIMAGE_NAME = LaunchImage;
				GCC_PRECOMPILE_PREFIX_HEADER = YES;
				GCC_PREFIX_HEADER = "marathon/marathon-Prefix.pch";
				INFOPLIST_FILE = "marathon/marathon-Info.plist";
				IPHONEOS_DEPLOYMENT_TARGET = 5.0;
				LIBRARY_SEARCH_PATHS = (
					"$(inherited)",
					"/Users/RYan/项目/marathon/marathon/lib/Flurry",
					"/Users/RYan/项目/marathon/marathon/lib/Weixin",
					"/Users/RYan/项目/marathon/marathon/lib/XMPP/Vendor/libidn",
				);
				PRODUCT_NAME = "$(TARGET_NAME)";
				WRAPPER_EXTENSION = app;
			};
			name = Debug;
		};
		945AD9731807E16700B09F43 /* Release */ = {
			isa = XCBuildConfiguration;
			buildSettings = {
				ARCHS = (
					armv6,
					armv7,
					armv7s,
				);
				ASSETCATALOG_COMPILER_APPICON_NAME = AppIcon;
				ASSETCATALOG_COMPILER_LAUNCHIMAGE_NAME = LaunchImage;
				GCC_PRECOMPILE_PREFIX_HEADER = YES;
				GCC_PREFIX_HEADER = "marathon/marathon-Prefix.pch";
				INFOPLIST_FILE = "marathon/marathon-Info.plist";
				IPHONEOS_DEPLOYMENT_TARGET = 5.0;
				LIBRARY_SEARCH_PATHS = (
					"$(inherited)",
					"/Users/RYan/项目/marathon/marathon/lib/Flurry",
					"/Users/RYan/项目/marathon/marathon/lib/Weixin",
					"/Users/RYan/项目/marathon/marathon/lib/XMPP/Vendor/libidn",
				);
				PRODUCT_NAME = "$(TARGET_NAME)";
				WRAPPER_EXTENSION = app;
			};
			name = Release;
		};
		945AD9751807E16700B09F43 /* Debug */ = {
			isa = XCBuildConfiguration;
			buildSettings = {
				ARCHS = "$(ARCHS_STANDARD_INCLUDING_64_BIT)";
				BUNDLE_LOADER = "$(BUILT_PRODUCTS_DIR)/marathon.app/marathon";
				FRAMEWORK_SEARCH_PATHS = (
					"$(SDKROOT)/Developer/Library/Frameworks",
					"$(inherited)",
					"$(DEVELOPER_FRAMEWORKS_DIR)",
				);
				GCC_PRECOMPILE_PREFIX_HEADER = YES;
				GCC_PREFIX_HEADER = "marathon/marathon-Prefix.pch";
				GCC_PREPROCESSOR_DEFINITIONS = (
					"DEBUG=1",
					"$(inherited)",
				);
				INFOPLIST_FILE = "marathonTests/marathonTests-Info.plist";
				PRODUCT_NAME = "$(TARGET_NAME)";
				TEST_HOST = "$(BUNDLE_LOADER)";
				WRAPPER_EXTENSION = xctest;
			};
			name = Debug;
		};
		945AD9761807E16700B09F43 /* Release */ = {
			isa = XCBuildConfiguration;
			buildSettings = {
				ARCHS = "$(ARCHS_STANDARD_INCLUDING_64_BIT)";
				BUNDLE_LOADER = "$(BUILT_PRODUCTS_DIR)/marathon.app/marathon";
				FRAMEWORK_SEARCH_PATHS = (
					"$(SDKROOT)/Developer/Library/Frameworks",
					"$(inherited)",
					"$(DEVELOPER_FRAMEWORKS_DIR)",
				);
				GCC_PRECOMPILE_PREFIX_HEADER = YES;
				GCC_PREFIX_HEADER = "marathon/marathon-Prefix.pch";
				INFOPLIST_FILE = "marathonTests/marathonTests-Info.plist";
				PRODUCT_NAME = "$(TARGET_NAME)";
				TEST_HOST = "$(BUNDLE_LOADER)";
				WRAPPER_EXTENSION = xctest;
			};
			name = Release;
		};
/* End XCBuildConfiguration section */

/* Begin XCConfigurationList section */
		945AD9401807E16600B09F43 /* Build configuration list for PBXProject "marathon" */ = {
			isa = XCConfigurationList;
			buildConfigurations = (
				945AD96F1807E16700B09F43 /* Debug */,
				945AD9701807E16700B09F43 /* Release */,
			);
			defaultConfigurationIsVisible = 0;
			defaultConfigurationName = Release;
		};
		945AD9711807E16700B09F43 /* Build configuration list for PBXNativeTarget "marathon" */ = {
			isa = XCConfigurationList;
			buildConfigurations = (
				945AD9721807E16700B09F43 /* Debug */,
				945AD9731807E16700B09F43 /* Release */,
			);
			defaultConfigurationIsVisible = 0;
			defaultConfigurationName = Release;
		};
		945AD9741807E16700B09F43 /* Build configuration list for PBXNativeTarget "marathonTests" */ = {
			isa = XCConfigurationList;
			buildConfigurations = (
				945AD9751807E16700B09F43 /* Debug */,
				945AD9761807E16700B09F43 /* Release */,
			);
			defaultConfigurationIsVisible = 0;
			defaultConfigurationName = Release;
		};
/* End XCConfigurationList section */
	};
	rootObject = 945AD93D1807E16600B09F43 /* Project object */;
}
